
Microsoft Visual Studio Solution File, Format Version 12.00
# Visual Studio Version 16
VisualStudioVersion = 16.0.31702.278
MinimumVisualStudioVersion = 10.0.40219.1
Project("{FAE04EC0-301F-11D3-BF4B-00C04F79EFBC}") = "GraphExchange", "GraphExchange\GraphExchange.csproj", "{36A87427-CE70-4E12-BBB7-C523CD8ADAA0}"
EndProject
Global
	GlobalSection(SolutionConfigurationPlatforms) = preSolution
		Debug|Any CPU = Debug|Any CPU
		Release|Any CPU = Release|Any CPU
	EndGlobalSection
	GlobalSection(ProjectConfigurationPlatforms) = postSolution
		{36A87427-CE70-4E12-BBB7-C523CD8ADAA0}.Debug|Any CPU.ActiveCfg = Debug|Any CPU
		{36A87427-CE70-4E12-BBB7-C523CD8ADAA0}.Debug|Any CPU.Build.0 = Debug|Any CPU
		{36A87427-CE70-4E12-BBB7-C523CD8ADAA0}.Release|Any CPU.ActiveCfg = Release|Any CPU
		{36A87427-CE70-4E12-BBB7-C523CD8ADAA0}.Release|Any CPU.Build.0 = Release|Any CPU
	EndGlobalSection
	GlobalSection(SolutionProperties) = preSolution
		HideSolutionNode = FALSE
	EndGlobalSection
	GlobalSection(ExtensibilityGlobals) = postSolution
		SolutionGuid = {CD4CEE8E-BC61-421A-A1EF-D08D32C59658}
	EndGlobalSection
EndGlobal
